{
  "originHash" : "4d573b89c2bbf37a5e4293e7d252d1f04c6d3d83e249ac7707c3bac1eabc868f",
  "pins" : [
    {
      "identity" : "swift-cmark",
      "kind" : "remoteSourceControl",
      "location" : "https://github.com/swiftlang/swift-cmark.git",
      "state" : {
        "branch" : "gfm",
        "revision" : "7898f1b3e4befeecee56cb4a3bc8eebd2cb63219"
      }
    },
    {
      "identity" : "swift-embed",
      "kind" : "remoteSourceControl",
      "location" : "https://github.com/botforge-pro/swift-embed",
      "state" : {
        "revision" : "303c3b8ff91fbf1f679f351774d4a7dc5ab11528",
        "version" : "1.5.0"
      }
    },
    {
      "identity" : "swift-markdown",
      "kind" : "remoteSourceControl",
      "location" : "https://github.com/swiftlang/swift-markdown.git",
      "state" : {
        "revision" : "de3e245b6044386b623ecce11d1ccb5fe766e3db"
      }
    },
    {
      "identity" : "yams",
      "kind" : "remoteSourceControl",
      "location" : "https://github.com/jpsim/Yams.git",
      "state" : {
        "revision" : "a27b21e0c81c5bf42049b897a62aaf387e80f279",
        "version" : "6.2.2"
      }
    }
  ],
  "version" : 3
}
